Microsoft Visual Studio Solution File, Format Version 12.00
Project("{9A19103F-16F7-4668-BE54-9A1E7A4F7556}") = "AspNetCoreVerifiableCredentials", "AspNetCoreVerifiableCredentials.csproj", "{E08B6E67-D95C-480E-8875-B707DD67E9AE}"
EndProject
Global
	GlobalSection(SolutionConfigurationPlatforms) = preSolution
		Local|Any CPU = Local|Any CPU
		Debug|Any CPU = Debug|Any CPU
		Testing|Any CPU = Testing|Any CPU
		Staging|Any CPU = Staging|Any CPU
		Production|Any CPU = Production|Any CPU
		Release|Any CPU = Release|Any CPU
	EndGlobalSection
	GlobalSection(ProjectConfigurationPlatforms) = postSolution
		{E08B6E67-D95C-480E-8875-B707DD67E9AE}.Local|Any CPU.ActiveCfg = RestoringPride|Any CPU
		{E08B6E67-D95C-480E-8875-B707DD67E9AE}.Debug|Any CPU.ActiveCfg = RestoringPride|Any CPU
		{E08B6E67-D95C-480E-8875-B707DD67E9AE}.Testing|Any CPU.ActiveCfg = RestoringPride|Any CPU
		{E08B6E67-D95C-480E-8875-B707DD67E9AE}.Staging|Any CPU.ActiveCfg = RestoringPride|Any CPU
		{E08B6E67-D95C-480E-8875-B707DD67E9AE}.Production|Any CPU.ActiveCfg = RestoringPride|Any CPU
		{E08B6E67-D95C-480E-8875-B707DD67E9AE}.Release|Any CPU.ActiveCfg = RestoringPride|Any CPU
	EndGlobalSection
	GlobalSection(SolutionProperties) = preSolution
		HideSolutionNode = FALSE
	EndGlobalSection
	GlobalSection(ExtensibilityGlobals) = postSolution
		SolutionGuid = {55389CE0-956D-409B-966B-33BF719CF12A}
	EndGlobalSection
EndGlobal
